{
  "version": 4,
  "terraform_version": "1.8.5",
  "serial": 23,
  "lineage": "7b71e816-7ee0-5551-0845-b317d4dac29a",
  "outputs": {},
  "resources": [
    {
      "mode": "managed",
      "type": "newrelic_alert_policy",
      "name": "example_policy",
      "provider": "provider[\"registry.terraform.io/newrelic/newrelic\"]",
      "instances": [
        {
          "schema_version": 0,
          "attributes": {
            "account_id": 4440025,
            "channel_ids": null,
            "id": "5467184",
            "incident_preference": "PER_POLICY",
            "name": "Example Alert Policy"
          },
          "sensitive_attributes": [],
          "private": "bnVsbA=="
        }
      ]
    },
    {
      "mode": "managed",
      "type": "newrelic_notification_destination",
      "name": "team_email_destination",
      "provider": "provider[\"registry.terraform.io/newrelic/newrelic\"]",
      "instances": [
        {
          "schema_version": 1,
          "attributes": {
            "account_id": 4440025,
            "active": true,
            "auth_basic": [],
            "auth_custom_header": [],
            "auth_token": [],
            "guid": "NDQ0MDAyNXxBSU9QU3xERVNUSU5BVElPTnwzYzQ4MmFkNi0xOGE4LTQyZmQtOGRlNy1jYTRkNDcwNmU0ZGU",
            "id": "3c482ad6-18a8-42fd-8de7-ca4d4706e4de",
            "last_sent": "",
            "name": "email-example",
            "property": [
              {
                "display_value": "",
                "key": "email",
                "label": "",
                "value": "architamoudgills@gmail.com"
              }
            ],
            "secure_url": [],
            "status": "DEFAULT",
            "type": "EMAIL"
          },
          "sensitive_attributes": [],
          "private": "eyJzY2hlbWFfdmVyc2lvbiI6IjEifQ=="
        }
      ]
    }
  ],
  "check_results": null
}
